[[package]]
category = "dev"
description = "A small Python module for determining appropriate platform-specific dirs, e.g. a \"user data dir\"."
name = "appdirs"
optional = false
python-versions = "*"
version = "1.4.3"

[[package]]
category = "dev"
description = "Atomic file writes."
name = "atomicwrites"
optional = false
python-versions = ">=2.7, !=3.0.*, !=3.1.*, !=3.2.*, !=3.3.*"
version = "1.3.0"

[[package]]
category = "dev"
description = "Classes Without Boilerplate"
name = "attrs"
optional = false
python-versions = ">=2.7, !=3.0.*, !=3.1.*, !=3.2.*, !=3.3.*"
version = "19.1.0"

[[package]]
category = "dev"
description = "The uncompromising code formatter."
name = "black"
optional = false
python-versions = ">=3.6"
version = "18.9b0"

[package.dependencies]
appdirs = "*"
attrs = ">=17.4.0"
click = ">=6.5"
toml = ">=0.9.4"

[[package]]
category = "dev"
description = "Composable command line interface toolkit"
name = "click"
optional = false
python-versions = ">=2.7, !=3.0.*, !=3.1.*, !=3.2.*, !=3.3.*"
version = "7.0"

[[package]]
category = "dev"
description = "Cross-platform colored terminal text."
marker = "sys_platform == \"win32\""
name = "colorama"
optional = false
python-versions = ">=2.7, !=3.0.*, !=3.1.*, !=3.2.*, !=3.3.*"
version = "0.4.1"

[[package]]
category = "main"
description = "Code coverage measurement for Python"
name = "coverage"
optional = false
python-versions = "*"
version = "4.2"

[[package]]
category = "dev"
description = "Discover and load entry points from installed packages."
name = "entrypoints"
optional = false
python-versions = ">=2.7"
version = "0.3"

[[package]]
category = "dev"
description = "the modular source code checker: pep8, pyflakes and co"
name = "flake8"
optional = false
python-versions = ">=2.7, !=3.0.*, !=3.1.*, !=3.2.*, !=3.3.*"
version = "3.7.7"

[package.dependencies]
entrypoints = ">=0.3.0,<0.4.0"
mccabe = ">=0.6.0,<0.7.0"
pycodestyle = ">=2.5.0,<2.6.0"
pyflakes = ">=2.1.0,<2.2.0"

[[package]]
category = "dev"
description = "A library for property based testing"
name = "hypothesis"
optional = false
python-versions = ">=2.7, !=3.0.*, !=3.1.*, !=3.2.*, !=3.3.*, !=3.4.*"
version = "4.24.0"

[package.dependencies]
attrs = ">=16.0.0"

[[package]]
category = "dev"
description = "McCabe checker, plugin for flake8"
name = "mccabe"
optional = false
python-versions = "*"
version = "0.6.1"

[[package]]
category = "dev"
description = "More routines for operating on iterables, beyond itertools"
marker = "python_version > \"2.7\""
name = "more-itertools"
optional = false
python-versions = ">=3.4"
version = "7.0.0"

[[package]]
category = "dev"
description = "plugin and hook calling mechanisms for python"
name = "pluggy"
optional = false
python-versions = ">=2.7, !=3.0.*, !=3.1.*, !=3.2.*, !=3.3.*"
version = "0.11.0"

[[package]]
category = "dev"
description = "library with cross-python path, ini-parsing, io, code, log facilities"
name = "py"
optional = false
python-versions = ">=2.7, !=3.0.*, !=3.1.*, !=3.2.*, !=3.3.*"
version = "1.8.0"

[[package]]
category = "dev"
description = "Python style guide checker"
name = "pycodestyle"
optional = false
python-versions = ">=2.7, !=3.0.*, !=3.1.*, !=3.2.*, !=3.3.*"
version = "2.5.0"

[[package]]
category = "main"
description = "Python combination"
name = "pycomb"
optional = false
python-versions = "*"
version = "0.1.16"

[package.dependencies]
coverage = "4.2"

[[package]]
category = "dev"
description = "passive checker of Python programs"
name = "pyflakes"
optional = false
python-versions = ">=2.7, !=3.0.*, !=3.1.*, !=3.2.*, !=3.3.*"
version = "2.1.1"

[[package]]
category = "dev"
description = "pytest: simple powerful testing with Python"
name = "pytest"
optional = false
python-versions = ">=2.7, !=3.0.*, !=3.1.*, !=3.2.*, !=3.3.*"
version = "4.5.0"

[package.dependencies]
atomicwrites = ">=1.0"
attrs = ">=17.4.0"
colorama = "*"
pluggy = ">=0.9,<0.10 || >0.10,<1.0"
py = ">=1.5.0"
setuptools = "*"
six = ">=1.10.0"
wcwidth = "*"

[package.dependencies.more-itertools]
python = ">=2.8"
version = ">=4.0.0"

[[package]]
category = "dev"
description = "Python 2 and 3 compatibility utilities"
name = "six"
optional = false
python-versions = ">=2.6, !=3.0.*, !=3.1.*"
version = "1.12.0"

[[package]]
category = "dev"
description = "Python Library for Tom's Obvious, Minimal Language"
name = "toml"
optional = false
python-versions = "*"
version = "0.10.0"

[[package]]
category = "dev"
description = "Measures number of Terminal column cells of wide-character codes"
name = "wcwidth"
optional = false
python-versions = "*"
version = "0.1.7"

[metadata]
content-hash = "0f3979c06d70dbee11debce74d67e0524aaf6b40cae68c7abd735fab8f8639e0"
python-versions = "^3.6"

[metadata.hashes]
appdirs = ["9e5896d1372858f8dd3344faf4e5014d21849c756c8d5701f78f8a103b372d92", "d8b24664561d0d34ddfaec54636d502d7cea6e29c3eaf68f3df6180863e2166e"]
atomicwrites = ["03472c30eb2c5d1ba9227e4c2ca66ab8287fbfbbda3888aa93dc2e28fc6811b4", "75a9445bac02d8d058d5e1fe689654ba5a6556a1dfd8ce6ec55a0ed79866cfa6"]
attrs = ["69c0dbf2ed392de1cb5ec704444b08a5ef81680a61cb899dc08127123af36a79", "f0b870f674851ecbfbbbd364d6b5cbdff9dcedbc7f3f5e18a6891057f21fe399"]
black = ["817243426042db1d36617910df579a54f1afd659adb96fc5032fcf4b36209739", "e030a9a28f542debc08acceb273f228ac422798e5215ba2a791a6ddeaaca22a5"]
click = ["2335065e6395b9e67ca716de5f7526736bfa6ceead690adf616d925bdc622b13", "5b94b49521f6456670fdb30cd82a4eca9412788a93fa6dd6df72c94d5a8ff2d7"]
colorama = ["05eed71e2e327246ad6b38c540c4a3117230b19679b875190486ddd2d721422d", "f8ac84de7840f5b9c4e3347b3c1eaa50f7e49c2b07596221daec5edaabbd7c48"]
coverage = ["1c8ff2692efb9ef2c07b84ca6f8dec03dfdc2503bba5b268678e823928e08e52", "28a61877d72937d1cc367f09859ddacad99ea26f6fc468c34937e1004db54798", "30b9b429d3c88b6fe3573f1e73dffd6dc7f71f50a3eebd8fc410445877dad20a", "30bd366d8f1388b06f0c7dff49dad1024bf98b787f1c23e776356f96d8cfe038", "31c1ef428482d22e84e37e79908b4e35014bc1c247bd3819b31e1246466743fb", "38e87c46d364b8b3ac4d161586707345b7bc7b16855be1751345fc91be702ff7", "3b72f4b0ca8e128e483e3e9ebe2b7ba4b5a801d15421ff495ecffa10b6f932b4", "40092d2d24c8ecf3d3ffc84521f88a0fe140fa333a95422f194bd48b9de049f7", "4138fc4741a54aaf6dd6d91cebe075a899b7f4a841680638704e4eec803c8268", "42450b715dedb7a9e721ed016f5044fdc2a05b1c5098bb397d169e9846d7b031", "5e3066a2bce9320044997a809968ae798429548caf2e2a520bc5f2bb853f6cc0", "61224ed8243bda02dbd3aa3fff760eaa8fd30774c79b9e1ca8aa1c12294596fe", "6a797de7c1855e88a6bb2cade546f894f89c6342bbeae78f474f269460dd8f4f", "6d6ca7c7406edc03f50f751a583d0e0c1d64b2c01da8e1b9b40d5961a23c126d", "735cdc43a39407bf87b61e91f621d52e5acc5f4f52999d0f7ff4594a147ef669", "7e5dc262c4924326ba1d0d227597e9c8b3b167daa946775e886b8344c85c463c", "81069320e72dfb28bbc07e79ae94aa79d6fe7660eb9aae809d363b7f889020de", "89bf69d6ce7a865499a9b957745db8c2e9d5fbad00c4745a59d3c65211446ca8", "9d1c398f14290bc4ae4bc5ce01c283cabe734a068ba39e6a20b3eb4d3a412b52", "9f63c41114d6e38e6007edd38849db19655d1860075c019a4e24f8636d0bd53e", "a5dda361f947dd67891f73a373ef63059cf3e551ac248dd3e91f76ea1b39cdda", "b8faa97f0d3708c9ec487367fbcee630117d8ce161fe6b185b2e72e48be2275b", "bd4eba631f07cae8cdb9c55c144f165649e6701b962f9d604b4e00cf8802406c", "d12b46247e74c1881768feb3ae48fbbb95e5c883b0c3517acdf86f435560fc61", "e312776d3ef04632ec742ce2d2b7048b635073e0245e4f44dfe8b08cc50ac656", "fac51660e712b5f873dadb787e6ec3eced13473302559ea9bdbbba9d07fb56e0", "fbe75deeec11130913e2df6f7f8edd383cf9e9e1c237cf0bed1719c18ee7aadb", "fc9cca8c0147d9191c96370b1bc0f425d87ffdf8dd48bc4dc9657ee45a77a8ce"]
entrypoints = ["589f874b313739ad35be6e0cd7efde2a4e9b6fea91edcc34e58ecbb8dbe56d19", "c70dd71abe5a8c85e55e12c19bd91ccfeec11a6e99044204511f9ed547d48451"]
flake8 = ["859996073f341f2670741b51ec1e67a01da142831aa1fdc6242dbf88dffbe661", "a796a115208f5c03b18f332f7c11729812c8c3ded6c46319c59b53efd3819da8"]
hypothesis = ["965c4bf29103278360c4f41eb4536047075d241880f596a09748f6013bd55659", "b3627548a36d1205213b8bcf961e74c2cfb68f2adfbc58a26d0a1c1f4d52f480", "b804bb87c2e963cc5f97e5da383db3a307e73a065eda2d5a9ec49c78583299ae"]
mccabe = ["ab8a6258860da4b6677da4bd2fe5dc2c659cff31b3ee4f7f5d64e79735b80d42", "dd8d182285a0fe56bace7f45b5e7d1a6ebcbf524e8f3bd87eb0f125271b8831f"]
more-itertools = ["2112d2ca570bb7c3e53ea1a35cd5df42bb0fd10c45f0fb97178679c3c03d64c7", "c3e4748ba1aad8dba30a4886b0b1a2004f9a863837b8654e7059eebf727afa5a"]
pluggy = ["25a1bc1d148c9a640211872b4ff859878d422bccb59c9965e04eed468a0aa180", "964cedd2b27c492fbf0b7f58b3284a09cf7f99b0f715941fb24a439b3af1bd1a"]
py = ["64f65755aee5b381cea27766a3a147c3f15b9b6b9ac88676de66ba2ae36793fa", "dc639b046a6e2cff5bbe40194ad65936d6ba360b52b3c3fe1d08a82dd50b5e53"]
pycodestyle = ["95a2219d12372f05704562a14ec30bc76b05a5b297b21a5dfe3f6fac3491ae56", "e40a936c9a450ad81df37f549d676d127b1b66000a6c500caa2b085bc0ca976c"]
pycomb = ["71ede43d7619f3994111dce62bc6fd7e5202fe1b08e1bead9ea114d22e41e8d6"]
pyflakes = ["17dbeb2e3f4d772725c777fabc446d5634d1038f234e77343108ce445ea69ce0", "d976835886f8c5b31d47970ed689944a0262b5f3afa00a5a7b4dc81e5449f8a2"]
pytest = ["1a8aa4fa958f8f451ac5441f3ac130d9fc86ea38780dd2715e6d5c5882700b24", "b8bf138592384bd4e87338cb0f256bf5f615398a649d4bd83915f0e4047a5ca6"]
six = ["3350809f0555b11f552448330d0b52d5f24c91a322ea4a15ef22629740f3761c", "d16a0141ec1a18405cd4ce8b4613101da75da0e9a7aec5bdd4fa804d0e0eba73"]
toml = ["229f81c57791a41d65e399fc06bf0848bab550a9dfd5ed66df18ce5f05e73d5c", "235682dd292d5899d361a811df37e04a8828a5b1da3115886b73cf81ebc9100e", "f1db651f9657708513243e61e6cc67d101a39bad662eaa9b5546f789338e07a3"]
wcwidth = ["3df37372226d6e63e1b1e1eda15c594bca98a22d33a23832a90998faa96bc65e", "f4ebe71925af7b40a864553f761ed559b43544f8f71746c2d756c7fe788ade7c"]
